
Microsoft Visual Studio Solution File, Format Version 12.00
Project("{FAE04EC0-301F-11D3-BF4B-00C04F79EFBC}") = "Ketone.Specifications", "Ketone.Specifications\Ketone.Specifications.csproj", "{BD501A8F-82C7-415B-AF9D-3ACFF2E17330}"
EndProject
Project("{FAE04EC0-301F-11D3-BF4B-00C04F79EFBC}") = "Ketone.Specifications.Tests", "Ketone.Specifications.Tests\Ketone.Specifications.Tests.csproj", "{2CBF0377-50D4-4D95-B121-72F83CD784EA}"
EndProject
Global
	GlobalSection(SolutionConfigurationPlatforms) = preSolution
		Debug|Any CPU = Debug|Any CPU
		Release|Any CPU = Release|Any CPU
	EndGlobalSection
	GlobalSection(ProjectConfigurationPlatforms) = postSolution
		{BD501A8F-82C7-415B-AF9D-3ACFF2E17330}.Debug|Any CPU.ActiveCfg = Debug|Any CPU
		{BD501A8F-82C7-415B-AF9D-3ACFF2E17330}.Debug|Any CPU.Build.0 = Debug|Any CPU
		{BD501A8F-82C7-415B-AF9D-3ACFF2E17330}.Release|Any CPU.ActiveCfg = Release|Any CPU
		{BD501A8F-82C7-415B-AF9D-3ACFF2E17330}.Release|Any CPU.Build.0 = Release|Any CPU
		{2CBF0377-50D4-4D95-B121-72F83CD784EA}.Debug|Any CPU.ActiveCfg = Debug|Any CPU
		{2CBF0377-50D4-4D95-B121-72F83CD784EA}.Debug|Any CPU.Build.0 = Debug|Any CPU
		{2CBF0377-50D4-4D95-B121-72F83CD784EA}.Release|Any CPU.ActiveCfg = Release|Any CPU
		{2CBF0377-50D4-4D95-B121-72F83CD784EA}.Release|Any CPU.Build.0 = Release|Any CPU
	EndGlobalSection
EndGlobal
